
Microsoft Visual Studio Solution File, Format Version 11.00
# Visual Studio 2010
Project("{FAE04EC0-301F-11D3-BF4B-00C04F79EFBC}") = "Assembly-CSharp", "Assembly-CSharp.csproj", "{341FF830-FD0A-F5E3-0C15-FF3674D777D2}"
EndProject
Project("{FAE04EC0-301F-11D3-BF4B-00C04F79EFBC}") = "Assembly-CSharp-Editor", "Assembly-CSharp-Editor.csproj", "{D501DFC0-0D79-598A-F5FE-EF62A888BDA6}"
EndProject
Global
	GlobalSection(SolutionConfigurationPlatforms) = preSolution
		Debug|Any CPU = Debug|Any CPU
		Release|Any CPU = Release|Any CPU
	EndGlobalSection
	GlobalSection(ProjectConfigurationPlatforms) = postSolution
		{341FF830-FD0A-F5E3-0C15-FF3674D777D2}.Debug|Any CPU.ActiveCfg = Debug|Any CPU
		{341FF830-FD0A-F5E3-0C15-FF3674D777D2}.Debug|Any CPU.Build.0 = Debug|Any CPU
		{341FF830-FD0A-F5E3-0C15-FF3674D777D2}.Release|Any CPU.ActiveCfg = Release|Any CPU
		{341FF830-FD0A-F5E3-0C15-FF3674D777D2}.Release|Any CPU.Build.0 = Release|Any CPU
		{D501DFC0-0D79-598A-F5FE-EF62A888BDA6}.Debug|Any CPU.ActiveCfg = Debug|Any CPU
		{D501DFC0-0D79-598A-F5FE-EF62A888BDA6}.Debug|Any CPU.Build.0 = Debug|Any CPU
		{D501DFC0-0D79-598A-F5FE-EF62A888BDA6}.Release|Any CPU.ActiveCfg = Release|Any CPU
		{D501DFC0-0D79-598A-F5FE-EF62A888BDA6}.Release|Any CPU.Build.0 = Release|Any CPU
	EndGlobalSection
	GlobalSection(SolutionProperties) = preSolution
		HideSolutionNode = FALSE
	EndGlobalSection
EndGlobal
